
Microsoft Visual Studio Solution File, Format Version 12.00
# Visual Studio 15
VisualStudioVersion = 15.0.27004.2002
MinimumVisualStudioVersion = 10.0.40219.1
Project("{FAE04EC0-301F-11D3-BF4B-00C04F79EFBC}") = "patternDenemeler", "patternDenemeler\patternDenemeler.csproj", "{14A8B1C2-EBB1-45C8-BF1D-5B45F9F21865}"
EndProject
Global
	GlobalSection(SolutionConfigurationPlatforms) = preSolution
		Debug|Any CPU = Debug|Any CPU
		Release|Any CPU = Release|Any CPU
	EndGlobalSection
	GlobalSection(ProjectConfigurationPlatforms) = postSolution
		{14A8B1C2-EBB1-45C8-BF1D-5B45F9F21865}.Debug|Any CPU.ActiveCfg = Debug|Any CPU
		{14A8B1C2-EBB1-45C8-BF1D-5B45F9F21865}.Debug|Any CPU.Build.0 = Debug|Any CPU
		{14A8B1C2-EBB1-45C8-BF1D-5B45F9F21865}.Release|Any CPU.ActiveCfg = Release|Any CPU
		{14A8B1C2-EBB1-45C8-BF1D-5B45F9F21865}.Release|Any CPU.Build.0 = Release|Any CPU
	EndGlobalSection
	GlobalSection(SolutionProperties) = preSolution
		HideSolutionNode = FALSE
	EndGlobalSection
	GlobalSection(ExtensibilityGlobals) = postSolution
		SolutionGuid = {D86A6D23-3154-4298-AF0A-B5A6B21C5120}
	EndGlobalSection
EndGlobal
